
Microsoft Visual Studio Solution File, Format Version 12.00
# Visual Studio Version 17
VisualStudioVersion = 17.5.33516.290
MinimumVisualStudioVersion = 10.0.40219.1
Project("{8BC9CEB8-8B4A-11D0-8D11-00A0C91BC942}") = "lab10.4", "lab10.4.vcxproj", "{7702C393-D09A-4F1F-9F92-0CDBEF0F512B}"
EndProject
Project("{8BC9CEB8-8B4A-11D0-8D11-00A0C91BC942}") = "UnitTest10.4", "UnitTest10.4\UnitTest10.4.vcxproj", "{58896DEC-4A12-4680-B072-38B0B9D1CBD8}"
EndProject
Global
	GlobalSection(SolutionConfigurationPlatforms) = preSolution
		Debug|x64 = Debug|x64
		Debug|x86 = Debug|x86
		Release|x64 = Release|x64
		Release|x86 = Release|x86
	EndGlobalSection
	GlobalSection(ProjectConfigurationPlatforms) = postSolution
		{7702C393-D09A-4F1F-9F92-0CDBEF0F512B}.Debug|x64.ActiveCfg = Debug|x64
		{7702C393-D09A-4F1F-9F92-0CDBEF0F512B}.Debug|x64.Build.0 = Debug|x64
		{7702C393-D09A-4F1F-9F92-0CDBEF0F512B}.Debug|x86.ActiveCfg = Debug|Win32
		{7702C393-D09A-4F1F-9F92-0CDBEF0F512B}.Debug|x86.Build.0 = Debug|Win32
		{7702C393-D09A-4F1F-9F92-0CDBEF0F512B}.Release|x64.ActiveCfg = Release|x64
		{7702C393-D09A-4F1F-9F92-0CDBEF0F512B}.Release|x64.Build.0 = Release|x64
		{7702C393-D09A-4F1F-9F92-0CDBEF0F512B}.Release|x86.ActiveCfg = Release|Win32
		{7702C393-D09A-4F1F-9F92-0CDBEF0F512B}.Release|x86.Build.0 = Release|Win32
		{58896DEC-4A12-4680-B072-38B0B9D1CBD8}.Debug|x64.ActiveCfg = Debug|x64
		{58896DEC-4A12-4680-B072-38B0B9D1CBD8}.Debug|x64.Build.0 = Debug|x64
		{58896DEC-4A12-4680-B072-38B0B9D1CBD8}.Debug|x86.ActiveCfg = Debug|Win32
		{58896DEC-4A12-4680-B072-38B0B9D1CBD8}.Debug|x86.Build.0 = Debug|Win32
		{58896DEC-4A12-4680-B072-38B0B9D1CBD8}.Release|x64.ActiveCfg = Release|x64
		{58896DEC-4A12-4680-B072-38B0B9D1CBD8}.Release|x64.Build.0 = Release|x64
		{58896DEC-4A12-4680-B072-38B0B9D1CBD8}.Release|x86.ActiveCfg = Release|Win32
		{58896DEC-4A12-4680-B072-38B0B9D1CBD8}.Release|x86.Build.0 = Release|Win32
	EndGlobalSection
	GlobalSection(SolutionProperties) = preSolution
		HideSolutionNode = FALSE
	EndGlobalSection
	GlobalSection(ExtensibilityGlobals) = postSolution
		SolutionGuid = {73E4792A-3D95-4C86-8A12-EA3BE71E7242}
	EndGlobalSection
EndGlobal
